// !$*UTF8*$!
{
	archiveVersion = 1;
	classes = {
	};
	objectVersion = 52;
	objects = {

/* Begin PBXBuildFile section */
		3410E25423FB5B7100BF9A97 /* ViewEventDetailsViewController.swift in Sources */ = {isa = PBXBuildFile; fileRef = 3410E25323FB5B7100BF9A97 /* ViewEventDetailsViewController.swift */; };
		3418F1EE2411317900BC8146 /* CalendarItemData+CoreDataClass.swift in Sources */ = {isa = PBXBuildFile; fileRef = 3418F1EC2411317900BC8146 /* CalendarItemData+CoreDataClass.swift */; };
		3418F1EF2411317900BC8146 /* CalendarItemData+CoreDataProperties.swift in Sources */ = {isa = PBXBuildFile; fileRef = 3418F1ED2411317900BC8146 /* CalendarItemData+CoreDataProperties.swift */; };
		342A44C023F9619600545EFA /* MealsViewController.swift in Sources */ = {isa = PBXBuildFile; fileRef = 342A44BF23F9619600545EFA /* MealsViewController.swift */; };
		342A44C323F98C4700545EFA /* TuftsToday.xcdatamodeld in Sources */ = {isa = PBXBuildFile; fileRef = 342A44C123F98C4700545EFA /* TuftsToday.xcdatamodeld */; };
		342A44C723F98F0800545EFA /* EventItemResponse.swift in Sources */ = {isa = PBXBuildFile; fileRef = 342A44C623F98F0800545EFA /* EventItemResponse.swift */; };
		342A44C923F98F5900545EFA /* EventsResponse.swift in Sources */ = {isa = PBXBuildFile; fileRef = 342A44C823F98F5900545EFA /* EventsResponse.swift */; };
		342A44CB23F9A90700545EFA /* EventRow.swift in Sources */ = {isa = PBXBuildFile; fileRef = 342A44CA23F9A90700545EFA /* EventRow.swift */; };
		342A44CD23F9AA3E00545EFA /* Event.swift in Sources */ = {isa = PBXBuildFile; fileRef = 342A44CC23F9AA3E00545EFA /* Event.swift */; };
		343B0D0423F443A8009BA08A /* SwiftSoup in Frameworks */ = {isa = PBXBuildFile; productRef = 343B0D0323F443A8009BA08A /* SwiftSoup */; };
		343B0D0623F7599E009BA08A /* PopoverViewController.swift in Sources */ = {isa = PBXBuildFile; fileRef = 343B0D0523F7599E009BA08A /* PopoverViewController.swift */; };
		343B0D0823F775A3009BA08A /* CalendarViewController.swift in Sources */ = {isa = PBXBuildFile; fileRef = 343B0D0723F775A3009BA08A /* CalendarViewController.swift */; };
		344DD8A0241A6FDF00128DE1 /* Formatter.swift in Sources */ = {isa = PBXBuildFile; fileRef = 344DD89F241A6FDF00128DE1 /* Formatter.swift */; };
		34732E5523F88ED000883F9B /* Main.storyboard in Resources */ = {isa = PBXBuildFile; fileRef = 34732E5423F88ED000883F9B /* Main.storyboard */; };
		3479117A23F9E6A3009FE23E /* AddCalendarItemViewController.swift in Sources */ = {isa = PBXBuildFile; fileRef = 3479117923F9E6A3009FE23E /* AddCalendarItemViewController.swift */; };
		34BDFC7423F39304003F3D23 /* AppDelegate.swift in Sources */ = {isa = PBXBuildFile; fileRef = 34BDFC7323F39304003F3D23 /* AppDelegate.swift */; };
		34BDFC7623F39304003F3D23 /* SceneDelegate.swift in Sources */ = {isa = PBXBuildFile; fileRef = 34BDFC7523F39304003F3D23 /* SceneDelegate.swift */; };
		34BDFC7823F39304003F3D23 /* FirstViewController.swift in Sources */ = {isa = PBXBuildFile; fileRef = 34BDFC7723F39304003F3D23 /* FirstViewController.swift */; };
		34BDFC7A23F39304003F3D23 /* SecondViewController.swift in Sources */ = {isa = PBXBuildFile; fileRef = 34BDFC7923F39304003F3D23 /* SecondViewController.swift */; };
		34BDFC7F23F39305003F3D23 /* Assets.xcassets in Resources */ = {isa = PBXBuildFile; fileRef = 34BDFC7E23F39305003F3D23 /* Assets.xcassets */; };
		34BDFC8223F39305003F3D23 /* LaunchScreen.storyboard in Resources */ = {isa = PBXBuildFile; fileRef = 34BDFC8023F39305003F3D23 /* LaunchScreen.storyboard */; };
		34BDFC8A23F394D5003F3D23 /* EventViewController.swift in Sources */ = {isa = PBXBuildFile; fileRef = 34BDFC8923F394D5003F3D23 /* EventViewController.swift */; };
		34C5F44D243002DE00D05017 /* text.txt in Resources */ = {isa = PBXBuildFile; fileRef = 34C5F44C243002DE00D05017 /* text.txt */; };
		34C8C70C23FF421D00E44E2D /* CustomFieldResponse.swift in Sources */ = {isa = PBXBuildFile; fileRef = 34C8C70B23FF421D00E44E2D /* CustomFieldResponse.swift */; };
/* End PBXBuildFile section */

/* Begin PBXFileReference section */
		3410E25323FB5B7100BF9A97 /* ViewEventDetailsViewController.swift */ = {isa = PBXFileReference; lastKnownFileType = sourcecode.swift; path = ViewEventDetailsViewController.swift; sourceTree = "<group>"; };
		3418F1EC2411317900BC8146 /* CalendarItemData+CoreDataClass.swift */ = {isa = PBXFileReference; lastKnownFileType = sourcecode.swift; path = "CalendarItemData+CoreDataClass.swift"; sourceTree = "<group>"; };
		3418F1ED2411317900BC8146 /* CalendarItemData+CoreDataProperties.swift */ = {isa = PBXFileReference; lastKnownFileType = sourcecode.swift; path = "CalendarItemData+CoreDataProperties.swift"; sourceTree = "<group>"; };
		342A44BF23F9619600545EFA /* MealsViewController.swift */ = {isa = PBXFileReference; lastKnownFileType = sourcecode.swift; path = MealsViewController.swift; sourceTree = "<group>"; };
		342A44C223F98C4700545EFA /* TuftsToday.xcdatamodel */ = {isa = PBXFileReference; lastKnownFileType = wrapper.xcdatamodel; path = TuftsToday.xcdatamodel; sourceTree = "<group>"; };
		342A44C623F98F0800545EFA /* EventItemResponse.swift */ = {isa = PBXFileReference; lastKnownFileType = sourcecode.swift; path = EventItemResponse.swift; sourceTree = "<group>"; };
		342A44C823F98F5900545EFA /* EventsResponse.swift */ = {isa = PBXFileReference; lastKnownFileType = sourcecode.swift; path = EventsResponse.swift; sourceTree = "<group>"; };
		342A44CA23F9A90700545EFA /* EventRow.swift */ = {isa = PBXFileReference; lastKnownFileType = sourcecode.swift; path = EventRow.swift; sourceTree = "<group>"; };
		342A44CC23F9AA3E00545EFA /* Event.swift */ = {isa = PBXFileReference; lastKnownFileType = sourcecode.swift; path = Event.swift; sourceTree = "<group>"; };
		343B0D0523F7599E009BA08A /* PopoverViewController.swift */ = {isa = PBXFileReference; lastKnownFileType = sourcecode.swift; path = PopoverViewController.swift; sourceTree = "<group>"; };
		343B0D0723F775A3009BA08A /* CalendarViewController.swift */ = {isa = PBXFileReference; lastKnownFileType = sourcecode.swift; path = CalendarViewController.swift; sourceTree = "<group>"; };
		343D85C623F4402800639569 /* SwiftSoup-master */ = {isa = PBXFileReference; lastKnownFileType = folder; name = "SwiftSoup-master"; path = "../../../../SwiftSoup-master"; sourceTree = "<group>"; };
		344DD89F241A6FDF00128DE1 /* Formatter.swift */ = {isa = PBXFileReference; lastKnownFileType = sourcecode.swift; path = Formatter.swift; sourceTree = "<group>"; };
		34732E5423F88ED000883F9B /* Main.storyboard */ = {isa = PBXFileReference; fileEncoding = 4; lastKnownFileType = file.storyboard; name = Main.storyboard; path = Base.lproj/Main.storyboard; sourceTree = "<group>"; };
		3479117923F9E6A3009FE23E /* AddCalendarItemViewController.swift */ = {isa = PBXFileReference; lastKnownFileType = sourcecode.swift; path = AddCalendarItemViewController.swift; sourceTree = "<group>"; };
		34BDFC7023F39304003F3D23 /* TuftsToday.app */ = {isa = PBXFileReference; explicitFileType = wrapper.application; includeInIndex = 0; path = TuftsToday.app; sourceTree = BUILT_PRODUCTS_DIR; };
		34BDFC7323F39304003F3D23 /* AppDelegate.swift */ = {isa = PBXFileReference; lastKnownFileType = sourcecode.swift; path = AppDelegate.swift; sourceTree = "<group>"; };
		34BDFC7523F39304003F3D23 /* SceneDelegate.swift */ = {isa = PBXFileReference; lastKnownFileType = sourcecode.swift; path = SceneDelegate.swift; sourceTree = "<group>"; };
		34BDFC7723F39304003F3D23 /* FirstViewController.swift */ = {isa = PBXFileReference; lastKnownFileType = sourcecode.swift; path = FirstViewController.swift; sourceTree = "<group>"; };
		34BDFC7923F39304003F3D23 /* SecondViewController.swift */ = {isa = PBXFileReference; lastKnownFileType = sourcecode.swift; path = SecondViewController.swift; sourceTree = "<group>"; };
		34BDFC7E23F39305003F3D23 /* Assets.xcassets */ = {isa = PBXFileReference; lastKnownFileType = folder.assetcatalog; path = Assets.xcassets; sourceTree = "<group>"; };
		34BDFC8123F39305003F3D23 /* Base */ = {isa = PBXFileReference; lastKnownFileType = file.storyboard; name = Base; path = Base.lproj/LaunchScreen.storyboard; sourceTree = "<group>"; };
		34BDFC8323F39305003F3D23 /* Info.plist */ = {isa = PBXFileReference; lastKnownFileType = text.plist.xml; path = Info.plist; sourceTree = "<group>"; };
		34BDFC8923F394D5003F3D23 /* EventViewController.swift */ = {isa = PBXFileReference; lastKnownFileType = sourcecode.swift; path = EventViewController.swift; sourceTree = "<group>"; };
		34C5F44C243002DE00D05017 /* text.txt */ = {isa = PBXFileReference; lastKnownFileType = text; path = text.txt; sourceTree = "<group>"; };
		34C8C70B23FF421D00E44E2D /* CustomFieldResponse.swift */ = {isa = PBXFileReference; lastKnownFileType = sourcecode.swift; path = CustomFieldResponse.swift; sourceTree = "<group>"; };
/* End PBXFileReference section */

/* Begin PBXFrameworksBuildPhase section */
		34BDFC6D23F39304003F3D23 /* Frameworks */ = {
			isa = PBXFrameworksBuildPhase;
			buildActionMask = 2147483647;
			files = (
				343B0D0423F443A8009BA08A /* SwiftSoup in Frameworks */,
			);
			runOnlyForDeploymentPostprocessing = 0;
		};
/* End PBXFrameworksBuildPhase section */

/* Begin PBXGroup section */
		342A44C423F98E9E00545EFA /* View Controllers */ = {
			isa = PBXGroup;
			children = (
				34C8C73024080C9F00E44E2D /* Events */,
				346E7C4C240A866100C6DC2F /* Other */,
				34C8C73124080CBA00E44E2D /* Calendar */,
			);
			path = "View Controllers";
			sourceTree = "<group>";
		};
		342A44C523F98EE600545EFA /* Data Models */ = {
			isa = PBXGroup;
			children = (
				342A44CC23F9AA3E00545EFA /* Event.swift */,
				342A44CA23F9A90700545EFA /* EventRow.swift */,
				34C8C70B23FF421D00E44E2D /* CustomFieldResponse.swift */,
				342A44C623F98F0800545EFA /* EventItemResponse.swift */,
				342A44C823F98F5900545EFA /* EventsResponse.swift */,
			);
			path = "Data Models";
			sourceTree = "<group>";
		};
		346E7C4C240A866100C6DC2F /* Other */ = {
			isa = PBXGroup;
			children = (
				34BDFC7723F39304003F3D23 /* FirstViewController.swift */,
				343B0D0523F7599E009BA08A /* PopoverViewController.swift */,
				34BDFC7923F39304003F3D23 /* SecondViewController.swift */,
				342A44BF23F9619600545EFA /* MealsViewController.swift */,
			);
			path = Other;
			sourceTree = "<group>";
		};
		34BDFC6723F39304003F3D23 = {
			isa = PBXGroup;
			children = (
				34BDFC7223F39304003F3D23 /* TuftsTodayApp */,
				34BDFC7123F39304003F3D23 /* Products */,
			);
			sourceTree = "<group>";
		};
		34BDFC7123F39304003F3D23 /* Products */ = {
			isa = PBXGroup;
			children = (
				34BDFC7023F39304003F3D23 /* TuftsToday.app */,
			);
			name = Products;
			sourceTree = "<group>";
		};
		34BDFC7223F39304003F3D23 /* TuftsTodayApp */ = {
			isa = PBXGroup;
			children = (
				34C5F44E2430037900D05017 /* Resources */,
				342A44C423F98E9E00545EFA /* View Controllers */,
				342A44C523F98EE600545EFA /* Data Models */,
				343D85C623F4402800639569 /* SwiftSoup-master */,
				34BDFC7323F39304003F3D23 /* AppDelegate.swift */,
				34BDFC7523F39304003F3D23 /* SceneDelegate.swift */,
				344DD89F241A6FDF00128DE1 /* Formatter.swift */,
				34732E5423F88ED000883F9B /* Main.storyboard */,
				342A44C123F98C4700545EFA /* TuftsToday.xcdatamodeld */,
				34BDFC8023F39305003F3D23 /* LaunchScreen.storyboard */,
			);
			path = TuftsTodayApp;
			sourceTree = "<group>";
		};
		34C5F44E2430037900D05017 /* Resources */ = {
			isa = PBXGroup;
			children = (
				34BDFC7E23F39305003F3D23 /* Assets.xcassets */,
				34BDFC8323F39305003F3D23 /* Info.plist */,
				34C5F44C243002DE00D05017 /* text.txt */,
			);
			path = Resources;
			sourceTree = "<group>";
		};
		34C8C73024080C9F00E44E2D /* Events */ = {
			isa = PBXGroup;
			children = (
				34BDFC8923F394D5003F3D23 /* EventViewController.swift */,
				3410E25323FB5B7100BF9A97 /* ViewEventDetailsViewController.swift */,
			);
			path = Events;
			sourceTree = "<group>";
		};
		34C8C73124080CBA00E44E2D /* Calendar */ = {
			isa = PBXGroup;
			children = (
				343B0D0723F775A3009BA08A /* CalendarViewController.swift */,
				3479117923F9E6A3009FE23E /* AddCalendarItemViewController.swift */,
				3418F1ED2411317900BC8146 /* CalendarItemData+CoreDataProperties.swift */,
				3418F1EC2411317900BC8146 /* CalendarItemData+CoreDataClass.swift */,
			);
			path = Calendar;
			sourceTree = "<group>";
		};
/* End PBXGroup section */

/* Begin PBXNativeTarget section */
		34BDFC6F23F39304003F3D23 /* TuftsTodayApp */ = {
			isa = PBXNativeTarget;
			buildConfigurationList = 34BDFC8623F39305003F3D23 /* Build configuration list for PBXNativeTarget "TuftsTodayApp" */;
			buildPhases = (
				34BDFC6C23F39304003F3D23 /* Sources */,
				34BDFC6D23F39304003F3D23 /* Frameworks */,
				34BDFC6E23F39304003F3D23 /* Resources */,
			);
			buildRules = (
			);
			dependencies = (
			);
			name = TuftsTodayApp;
			packageProductDependencies = (
				343B0D0323F443A8009BA08A /* SwiftSoup */,
			);
			productName = TuftsTodayApp;
			productReference = 34BDFC7023F39304003F3D23 /* TuftsToday.app */;
			productType = "com.apple.product-type.application";
		};
/* End PBXNativeTarget section */

/* Begin PBXProject section */
		34BDFC6823F39304003F3D23 /* Project object */ = {
			isa = PBXProject;
			attributes = {
				LastSwiftUpdateCheck = 1130;
				LastUpgradeCheck = 1130;
				ORGANIZATIONNAME = "Matthew Johnson";
				TargetAttributes = {
					34BDFC6F23F39304003F3D23 = {
						CreatedOnToolsVersion = 11.3;
					};
				};
			};
			buildConfigurationList = 34BDFC6B23F39304003F3D23 /* Build configuration list for PBXProject "TuftsTodayApp" */;
			compatibilityVersion = "Xcode 9.3";
			developmentRegion = en;
			hasScannedForEncodings = 0;
			knownRegions = (
				en,
				Base,
			);
			mainGroup = 34BDFC6723F39304003F3D23;
			packageReferences = (
				343B0D0223F443A8009BA08A /* XCRemoteSwiftPackageReference "SwiftSoup" */,
			);
			productRefGroup = 34BDFC7123F39304003F3D23 /* Products */;
			projectDirPath = "";
			projectRoot = "";
			targets = (
				34BDFC6F23F39304003F3D23 /* TuftsTodayApp */,
			);
		};
/* End PBXProject section */

/* Begin PBXResourcesBuildPhase section */
		34BDFC6E23F39304003F3D23 /* Resources */ = {
			isa = PBXResourcesBuildPhase;
			buildActionMask = 2147483647;
			files = (
				34732E5523F88ED000883F9B /* Main.storyboard in Resources */,
				34C5F44D243002DE00D05017 /* text.txt in Resources */,
				34BDFC8223F39305003F3D23 /* LaunchScreen.storyboard in Resources */,
				34BDFC7F23F39305003F3D23 /* Assets.xcassets in Resources */,
			);
			runOnlyForDeploymentPostprocessing = 0;
		};
/* End PBXResourcesBuildPhase section */

/* Begin PBXSourcesBuildPhase section */
		34BDFC6C23F39304003F3D23 /* Sources */ = {
			isa = PBXSourcesBuildPhase;
			buildActionMask = 2147483647;
			files = (
				34BDFC7A23F39304003F3D23 /* SecondViewController.swift in Sources */,
				3410E25423FB5B7100BF9A97 /* ViewEventDetailsViewController.swift in Sources */,
				34BDFC7823F39304003F3D23 /* FirstViewController.swift in Sources */,
				342A44CB23F9A90700545EFA /* EventRow.swift in Sources */,
				34BDFC7423F39304003F3D23 /* AppDelegate.swift in Sources */,
				344DD8A0241A6FDF00128DE1 /* Formatter.swift in Sources */,
				342A44C923F98F5900545EFA /* EventsResponse.swift in Sources */,
				342A44C323F98C4700545EFA /* TuftsToday.xcdatamodeld in Sources */,
				34BDFC8A23F394D5003F3D23 /* EventViewController.swift in Sources */,
				343B0D0623F7599E009BA08A /* PopoverViewController.swift in Sources */,
				3418F1EE2411317900BC8146 /* CalendarItemData+CoreDataClass.swift in Sources */,
				3418F1EF2411317900BC8146 /* CalendarItemData+CoreDataProperties.swift in Sources */,
				342A44C723F98F0800545EFA /* EventItemResponse.swift in Sources */,
				343B0D0823F775A3009BA08A /* CalendarViewController.swift in Sources */,
				34BDFC7623F39304003F3D23 /* SceneDelegate.swift in Sources */,
				3479117A23F9E6A3009FE23E /* AddCalendarItemViewController.swift in Sources */,
				342A44C023F9619600545EFA /* MealsViewController.swift in Sources */,
				342A44CD23F9AA3E00545EFA /* Event.swift in Sources */,
				34C8C70C23FF421D00E44E2D /* CustomFieldResponse.swift in Sources */,
			);
			runOnlyForDeploymentPostprocessing = 0;
		};
/* End PBXSourcesBuildPhase section */

/* Begin PBXVariantGroup section */
		34BDFC8023F39305003F3D23 /* LaunchScreen.storyboard */ = {
			isa = PBXVariantGroup;
			children = (
				34BDFC8123F39305003F3D23 /* Base */,
			);
			name = LaunchScreen.storyboard;
			sourceTree = "<group>";
		};
/* End PBXVariantGroup section */

/* Begin XCBuildConfiguration section */
		34BDFC8423F39305003F3D23 /* Debug */ = {
			isa = XCBuildConfiguration;
			buildSettings = {
				ALWAYS_SEARCH_USER_PATHS = NO;
				CLANG_ANALYZER_NONNULL = YES;
				CLANG_ANALYZER_NUMBER_OBJECT_CONVERSION = YES_AGGRESSIVE;
				CLANG_CXX_LANGUAGE_STANDARD = "gnu++14";
				CLANG_CXX_LIBRARY = "libc++";
				CLANG_ENABLE_MODULES = YES;
				CLANG_ENABLE_OBJC_ARC = YES;
				CLANG_ENABLE_OBJC_WEAK = YES;
				CLANG_WARN_BLOCK_CAPTURE_AUTORELEASING = YES;
				CLANG_WARN_BOOL_CONVERSION = YES;
				CLANG_WARN_COMMA = YES;
				CLANG_WARN_CONSTANT_CONVERSION = YES;
				CLANG_WARN_DEPRECATED_OBJC_IMPLEMENTATIONS = YES;
				CLANG_WARN_DIRECT_OBJC_ISA_USAGE = YES_ERROR;
				CLANG_WARN_DOCUMENTATION_COMMENTS = YES;
				CLANG_WARN_EMPTY_BODY = YES;
				CLANG_WARN_ENUM_CONVERSION = YES;
				CLANG_WARN_INFINITE_RECURSION = YES;
				CLANG_WARN_INT_CONVERSION = YES;
				CLANG_WARN_NON_LITERAL_NULL_CONVERSION = YES;
				CLANG_WARN_OBJC_IMPLICIT_RETAIN_SELF = YES;
				CLANG_WARN_OBJC_LITERAL_CONVERSION = YES;
				CLANG_WARN_OBJC_ROOT_CLASS = YES_ERROR;
				CLANG_WARN_RANGE_LOOP_ANALYSIS = YES;
				CLANG_WARN_STRICT_PROTOTYPES = YES;
				CLANG_WARN_SUSPICIOUS_MOVE = YES;
				CLANG_WARN_UNGUARDED_AVAILABILITY = YES_AGGRESSIVE;
				CLANG_WARN_UNREACHABLE_CODE = YES;
				CLANG_WARN__DUPLICATE_METHOD_MATCH = YES;
				COPY_PHASE_STRIP = NO;
				DEBUG_INFORMATION_FORMAT = dwarf;
				ENABLE_STRICT_OBJC_MSGSEND = YES;
				ENABLE_TESTABILITY = YES;
				GCC_C_LANGUAGE_STANDARD = gnu11;
				GCC_DYNAMIC_NO_PIC = NO;
				GCC_NO_COMMON_BLOCKS = YES;
				GCC_OPTIMIZATION_LEVEL = 0;
				GCC_PREPROCESSOR_DEFINITIONS = (
					"DEBUG=1",
					"$(inherited)",
				);
				GCC_WARN_64_TO_32_BIT_CONVERSION = YES;
				GCC_WARN_ABOUT_RETURN_TYPE = YES_ERROR;
				GCC_WARN_UNDECLARED_SELECTOR = YES;
				GCC_WARN_UNINITIALIZED_AUTOS = YES_AGGRESSIVE;
				GCC_WARN_UNUSED_FUNCTION = YES;
				GCC_WARN_UNUSED_VARIABLE = YES;
				IPHONEOS_DEPLOYMENT_TARGET = 13.2;
				MTL_ENABLE_DEBUG_INFO = INCLUDE_SOURCE;
				MTL_FAST_MATH = YES;
				ONLY_ACTIVE_ARCH = YES;
				SDKROOT = iphoneos;
				SWIFT_ACTIVE_COMPILATION_CONDITIONS = DEBUG;
				SWIFT_OPTIMIZATION_LEVEL = "-Onone";
			};
			name = Debug;
		};
		34BDFC8523F39305003F3D23 /* Release */ = {
			isa = XCBuildConfiguration;
			buildSettings = {
				ALWAYS_SEARCH_USER_PATHS = NO;
				CLANG_ANALYZER_NONNULL = YES;
				CLANG_ANALYZER_NUMBER_OBJECT_CONVERSION = YES_AGGRESSIVE;
				CLANG_CXX_LANGUAGE_STANDARD = "gnu++14";
				CLANG_CXX_LIBRARY = "libc++";
				CLANG_ENABLE_MODULES = YES;
				CLANG_ENABLE_OBJC_ARC = YES;
				CLANG_ENABLE_OBJC_WEAK = YES;
				CLANG_WARN_BLOCK_CAPTURE_AUTORELEASING = YES;
				CLANG_WARN_BOOL_CONVERSION = YES;
				CLANG_WARN_COMMA = YES;
				CLANG_WARN_CONSTANT_CONVERSION = YES;
				CLANG_WARN_DEPRECATED_OBJC_IMPLEMENTATIONS = YES;
				CLANG_WARN_DIRECT_OBJC_ISA_USAGE = YES_ERROR;
				CLANG_WARN_DOCUMENTATION_COMMENTS = YES;
				CLANG_WARN_EMPTY_BODY = YES;
				CLANG_WARN_ENUM_CONVERSION = YES;
				CLANG_WARN_INFINITE_RECURSION = YES;
				CLANG_WARN_INT_CONVERSION = YES;
				CLANG_WARN_NON_LITERAL_NULL_CONVERSION = YES;
				CLANG_WARN_OBJC_IMPLICIT_RETAIN_SELF = YES;
				CLANG_WARN_OBJC_LITERAL_CONVERSION = YES;
				CLANG_WARN_OBJC_ROOT_CLASS = YES_ERROR;
				CLANG_WARN_RANGE_LOOP_ANALYSIS = YES;
				CLANG_WARN_STRICT_PROTOTYPES = YES;
				CLANG_WARN_SUSPICIOUS_MOVE = YES;
				CLANG_WARN_UNGUARDED_AVAILABILITY = YES_AGGRESSIVE;
				CLANG_WARN_UNREACHABLE_CODE = YES;
				CLANG_WARN__DUPLICATE_METHOD_MATCH = YES;
				COPY_PHASE_STRIP = NO;
				DEBUG_INFORMATION_FORMAT = "dwarf-with-dsym";
				ENABLE_NS_ASSERTIONS = NO;
				ENABLE_STRICT_OBJC_MSGSEND = YES;
				GCC_C_LANGUAGE_STANDARD = gnu11;
				GCC_NO_COMMON_BLOCKS = YES;
				GCC_WARN_64_TO_32_BIT_CONVERSION = YES;
				GCC_WARN_ABOUT_RETURN_TYPE = YES_ERROR;
				GCC_WARN_UNDECLARED_SELECTOR = YES;
				GCC_WARN_UNINITIALIZED_AUTOS = YES_AGGRESSIVE;
				GCC_WARN_UNUSED_FUNCTION = YES;
				GCC_WARN_UNUSED_VARIABLE = YES;
				IPHONEOS_DEPLOYMENT_TARGET = 13.2;
				MTL_ENABLE_DEBUG_INFO = NO;
				MTL_FAST_MATH = YES;
				SDKROOT = iphoneos;
				SWIFT_COMPILATION_MODE = wholemodule;
				SWIFT_OPTIMIZATION_LEVEL = "-O";
				VALIDATE_PRODUCT = YES;
			};
			name = Release;
		};
		34BDFC8723F39305003F3D23 /* Debug */ = {
			isa = XCBuildConfiguration;
			buildSettings = {
				ASSETCATALOG_COMPILER_APPICON_NAME = AppIcon;
				CODE_SIGN_STYLE = Automatic;
				DEVELOPMENT_TEAM = 56YK987R2L;
				INFOPLIST_FILE = TuftsTodayApp/Info.plist;
				LD_RUNPATH_SEARCH_PATHS = (
					"$(inherited)",
					"@executable_path/Frameworks",
				);
				PRODUCT_BUNDLE_IDENTIFIER = "Matthew-Johnson.TuftsToday";
				PRODUCT_NAME = TuftsToday;
				SWIFT_VERSION = 5.0;
				TARGETED_DEVICE_FAMILY = "1,2";
			};
			name = Debug;
		};
		34BDFC8823F39305003F3D23 /* Release */ = {
			isa = XCBuildConfiguration;
			buildSettings = {
				ASSETCATALOG_COMPILER_APPICON_NAME = AppIcon;
				CODE_SIGN_STYLE = Automatic;
				DEVELOPMENT_TEAM = 56YK987R2L;
				INFOPLIST_FILE = TuftsTodayApp/Info.plist;
				LD_RUNPATH_SEARCH_PATHS = (
					"$(inherited)",
					"@executable_path/Frameworks",
				);
				PRODUCT_BUNDLE_IDENTIFIER = "Matthew-Johnson.TuftsToday";
				PRODUCT_NAME = TuftsToday;
				SWIFT_VERSION = 5.0;
				TARGETED_DEVICE_FAMILY = "1,2";
			};
			name = Release;
		};
/* End XCBuildConfiguration section */

/* Begin XCConfigurationList section */
		34BDFC6B23F39304003F3D23 /* Build configuration list for PBXProject "TuftsTodayApp" */ = {
			isa = XCConfigurationList;
			buildConfigurations = (
				34BDFC8423F39305003F3D23 /* Debug */,
				34BDFC8523F39305003F3D23 /* Release */,
			);
			defaultConfigurationIsVisible = 0;
			defaultConfigurationName = Release;
		};
		34BDFC8623F39305003F3D23 /* Build configuration list for PBXNativeTarget "TuftsTodayApp" */ = {
			isa = XCConfigurationList;
			buildConfigurations = (
				34BDFC8723F39305003F3D23 /* Debug */,
				34BDFC8823F39305003F3D23 /* Release */,
			);
			defaultConfigurationIsVisible = 0;
			defaultConfigurationName = Release;
		};
/* End XCConfigurationList section */

/* Begin XCRemoteSwiftPackageReference section */
		343B0D0223F443A8009BA08A /* XCRemoteSwiftPackageReference "SwiftSoup" */ = {
			isa = XCRemoteSwiftPackageReference;
			repositoryURL = "https://github.com/scinfu/SwiftSoup.git";
			requirement = {
				kind = upToNextMajorVersion;
				minimumVersion = 2.3.0;
			};
		};
/* End XCRemoteSwiftPackageReference section */

/* Begin XCSwiftPackageProductDependency section */
		343B0D0323F443A8009BA08A /* SwiftSoup */ = {
			isa = XCSwiftPackageProductDependency;
			package = 343B0D0223F443A8009BA08A /* XCRemoteSwiftPackageReference "SwiftSoup" */;
			productName = SwiftSoup;
		};
/* End XCSwiftPackageProductDependency section */

/* Begin XCVersionGroup section */
		342A44C123F98C4700545EFA /* TuftsToday.xcdatamodeld */ = {
			isa = XCVersionGroup;
			children = (
				342A44C223F98C4700545EFA /* TuftsToday.xcdatamodel */,
			);
			currentVersion = 342A44C223F98C4700545EFA /* TuftsToday.xcdatamodel */;
			path = TuftsToday.xcdatamodeld;
			sourceTree = "<group>";
			versionGroupType = wrapper.xcdatamodel;
		};
/* End XCVersionGroup section */
	};
	rootObject = 34BDFC6823F39304003F3D23 /* Project object */;
}
